
Microsoft Visual Studio Solution File, Format Version 12.00
# Visual Studio 15
VisualStudioVersion = 15.0.26730.8
MinimumVisualStudioVersion = 10.0.40219.1
Project("{2150E333-8FDC-42A3-9474-1A3956D46DE8}") = "Solution Items", "Solution Items", "{31DA5C88-127C-4F20-ADFD-A5CA09030816}"
EndProject
Project("{2150E333-8FDC-42A3-9474-1A3956D46DE8}") = "Abstractions", "Abstractions", "{6CE06341-4D89-4CFA-8349-01057CA965DF}"
EndProject
Project("{9A19103F-16F7-4668-BE54-9A1E7A4F7556}") = "UnitOfWorkScopes.Dal.Abstractions", "UnitOfWorkScopes.Dal.Abstractions\UnitOfWorkScopes.Dal.Abstractions.csproj", "{323FAE7C-8B30-49B7-9938-021234757042}"
EndProject
Project("{9A19103F-16F7-4668-BE54-9A1E7A4F7556}") = "UnitOfWorkScopes.Dal.Implementation", "UnitOfWorkScopes.Dal.Implementation\UnitOfWorkScopes.Dal.Implementation.csproj", "{C23DA745-8C5F-4F32-BBA7-9D13F8455186}"
EndProject
Project("{9A19103F-16F7-4668-BE54-9A1E7A4F7556}") = "UnitOfWorkScopes.UnitOfWork.Abstractions", "UnitOfWorkScopes.UnitOfWork.Abstractions\UnitOfWorkScopes.UnitOfWork.Abstractions.csproj", "{3C62A62F-9F71-408B-BA5E-F96E9E82D7C8}"
EndProject
Project("{9A19103F-16F7-4668-BE54-9A1E7A4F7556}") = "UnitOfWorkScopes.UnitOfWork.Implementation", "UnitOfWorkScopes.UnitOfWork.Implementation\UnitOfWorkScopes.UnitOfWork.Implementation.csproj", "{67756BB8-7D50-493C-89B3-8AB2165CDBF9}"
EndProject
Project("{9A19103F-16F7-4668-BE54-9A1E7A4F7556}") = "UnitOfWorkScopesApp", "UnitOfWorkScopesApp\UnitOfWorkScopesApp.csproj", "{5F4D5556-7D71-483B-9366-01EDA22C6C1F}"
EndProject
Project("{9A19103F-16F7-4668-BE54-9A1E7A4F7556}") = "UnitOfWorkScopes.Services.Abstractions", "UnitOfWorkScopes.Services.Abstractions\UnitOfWorkScopes.Services.Abstractions.csproj", "{ECDD6058-BDFB-405E-AA8F-74F6417CC620}"
EndProject
Project("{9A19103F-16F7-4668-BE54-9A1E7A4F7556}") = "UnitOfWorkScopes.Services.Implementation", "UnitOfWorkScopes.Services.Implementation\UnitOfWorkScopes.Services.Implementation.csproj", "{A93FED58-C6E7-4DC2-800D-7ABF88E91F70}"
EndProject
Project("{9A19103F-16F7-4668-BE54-9A1E7A4F7556}") = "UnitOfWorkScopes.Domain.Abstractions", "UnitOfWorkScopes.Domain.Abstractions\UnitOfWorkScopes.Domain.Abstractions.csproj", "{4632FBE9-CC86-4869-9650-CEC7218D05B1}"
EndProject
Project("{9A19103F-16F7-4668-BE54-9A1E7A4F7556}") = "UnitOfWorkScopes.Domain.Implementation", "UnitOfWorkScopes.Domain.Implementation\UnitOfWorkScopes.Domain.Implementation.csproj", "{5D15507C-F425-4C66-A1AA-B62183F0C0FB}"
EndProject
Global
	GlobalSection(SolutionConfigurationPlatforms) = preSolution
		Debug|Any CPU = Debug|Any CPU
		Release|Any CPU = Release|Any CPU
	EndGlobalSection
	GlobalSection(ProjectConfigurationPlatforms) = postSolution
		{323FAE7C-8B30-49B7-9938-021234757042}.Debug|Any CPU.ActiveCfg = Debug|Any CPU
		{323FAE7C-8B30-49B7-9938-021234757042}.Debug|Any CPU.Build.0 = Debug|Any CPU
		{323FAE7C-8B30-49B7-9938-021234757042}.Release|Any CPU.ActiveCfg = Release|Any CPU
		{323FAE7C-8B30-49B7-9938-021234757042}.Release|Any CPU.Build.0 = Release|Any CPU
		{C23DA745-8C5F-4F32-BBA7-9D13F8455186}.Debug|Any CPU.ActiveCfg = Debug|Any CPU
		{C23DA745-8C5F-4F32-BBA7-9D13F8455186}.Debug|Any CPU.Build.0 = Debug|Any CPU
		{C23DA745-8C5F-4F32-BBA7-9D13F8455186}.Release|Any CPU.ActiveCfg = Release|Any CPU
		{C23DA745-8C5F-4F32-BBA7-9D13F8455186}.Release|Any CPU.Build.0 = Release|Any CPU
		{3C62A62F-9F71-408B-BA5E-F96E9E82D7C8}.Debug|Any CPU.ActiveCfg = Debug|Any CPU
		{3C62A62F-9F71-408B-BA5E-F96E9E82D7C8}.Debug|Any CPU.Build.0 = Debug|Any CPU
		{3C62A62F-9F71-408B-BA5E-F96E9E82D7C8}.Release|Any CPU.ActiveCfg = Release|Any CPU
		{3C62A62F-9F71-408B-BA5E-F96E9E82D7C8}.Release|Any CPU.Build.0 = Release|Any CPU
		{67756BB8-7D50-493C-89B3-8AB2165CDBF9}.Debug|Any CPU.ActiveCfg = Debug|Any CPU
		{67756BB8-7D50-493C-89B3-8AB2165CDBF9}.Debug|Any CPU.Build.0 = Debug|Any CPU
		{67756BB8-7D50-493C-89B3-8AB2165CDBF9}.Release|Any CPU.ActiveCfg = Release|Any CPU
		{67756BB8-7D50-493C-89B3-8AB2165CDBF9}.Release|Any CPU.Build.0 = Release|Any CPU
		{5F4D5556-7D71-483B-9366-01EDA22C6C1F}.Debug|Any CPU.ActiveCfg = Debug|Any CPU
		{5F4D5556-7D71-483B-9366-01EDA22C6C1F}.Debug|Any CPU.Build.0 = Debug|Any CPU
		{5F4D5556-7D71-483B-9366-01EDA22C6C1F}.Release|Any CPU.ActiveCfg = Release|Any CPU
		{5F4D5556-7D71-483B-9366-01EDA22C6C1F}.Release|Any CPU.Build.0 = Release|Any CPU
		{ECDD6058-BDFB-405E-AA8F-74F6417CC620}.Debug|Any CPU.ActiveCfg = Debug|Any CPU
		{ECDD6058-BDFB-405E-AA8F-74F6417CC620}.Debug|Any CPU.Build.0 = Debug|Any CPU
		{ECDD6058-BDFB-405E-AA8F-74F6417CC620}.Release|Any CPU.ActiveCfg = Release|Any CPU
		{ECDD6058-BDFB-405E-AA8F-74F6417CC620}.Release|Any CPU.Build.0 = Release|Any CPU
		{A93FED58-C6E7-4DC2-800D-7ABF88E91F70}.Debug|Any CPU.ActiveCfg = Debug|Any CPU
		{A93FED58-C6E7-4DC2-800D-7ABF88E91F70}.Debug|Any CPU.Build.0 = Debug|Any CPU
		{A93FED58-C6E7-4DC2-800D-7ABF88E91F70}.Release|Any CPU.ActiveCfg = Release|Any CPU
		{A93FED58-C6E7-4DC2-800D-7ABF88E91F70}.Release|Any CPU.Build.0 = Release|Any CPU
		{4632FBE9-CC86-4869-9650-CEC7218D05B1}.Debug|Any CPU.ActiveCfg = Debug|Any CPU
		{4632FBE9-CC86-4869-9650-CEC7218D05B1}.Debug|Any CPU.Build.0 = Debug|Any CPU
		{4632FBE9-CC86-4869-9650-CEC7218D05B1}.Release|Any CPU.ActiveCfg = Release|Any CPU
		{4632FBE9-CC86-4869-9650-CEC7218D05B1}.Release|Any CPU.Build.0 = Release|Any CPU
		{5D15507C-F425-4C66-A1AA-B62183F0C0FB}.Debug|Any CPU.ActiveCfg = Debug|Any CPU
		{5D15507C-F425-4C66-A1AA-B62183F0C0FB}.Debug|Any CPU.Build.0 = Debug|Any CPU
		{5D15507C-F425-4C66-A1AA-B62183F0C0FB}.Release|Any CPU.ActiveCfg = Release|Any CPU
		{5D15507C-F425-4C66-A1AA-B62183F0C0FB}.Release|Any CPU.Build.0 = Release|Any CPU
	EndGlobalSection
	GlobalSection(SolutionProperties) = preSolution
		HideSolutionNode = FALSE
	EndGlobalSection
	GlobalSection(NestedProjects) = preSolution
		{323FAE7C-8B30-49B7-9938-021234757042} = {6CE06341-4D89-4CFA-8349-01057CA965DF}
		{3C62A62F-9F71-408B-BA5E-F96E9E82D7C8} = {6CE06341-4D89-4CFA-8349-01057CA965DF}
		{ECDD6058-BDFB-405E-AA8F-74F6417CC620} = {6CE06341-4D89-4CFA-8349-01057CA965DF}
		{4632FBE9-CC86-4869-9650-CEC7218D05B1} = {6CE06341-4D89-4CFA-8349-01057CA965DF}
	EndGlobalSection
	GlobalSection(ExtensibilityGlobals) = postSolution
		SolutionGuid = {4DD2CDC4-2376-4D6B-8A65-38D198F581EC}
	EndGlobalSection
EndGlobal
