
Microsoft Visual Studio Solution File, Format Version 12.00
# Visual Studio 15
VisualStudioVersion = 15.0.26730.8
MinimumVisualStudioVersion = 10.0.40219.1
Project("{2150E333-8FDC-42A3-9474-1A3956D46DE8}") = "src", "src", "{B2130FB1-E7E2-4831-938B-FA78994AB91C}"
EndProject
Project("{2150E333-8FDC-42A3-9474-1A3956D46DE8}") = "Solution Items", "Solution Items", "{BAD069C0-9794-4380-AB97-0475109010CC}"
EndProject
Project("{9A19103F-16F7-4668-BE54-9A1E7A4F7556}") = "EFCoreSamples", "src\EFCoreSamples\EFCoreSamples.csproj", "{C3308302-E7A7-491D-8BB3-BB74F602E8B6}"
EndProject
Global
	GlobalSection(SolutionConfigurationPlatforms) = preSolution
		Debug|Any CPU = Debug|Any CPU
		Release|Any CPU = Release|Any CPU
	EndGlobalSection
	GlobalSection(ProjectConfigurationPlatforms) = postSolution
		{C3308302-E7A7-491D-8BB3-BB74F602E8B6}.Debug|Any CPU.ActiveCfg = Debug|Any CPU
		{C3308302-E7A7-491D-8BB3-BB74F602E8B6}.Debug|Any CPU.Build.0 = Debug|Any CPU
		{C3308302-E7A7-491D-8BB3-BB74F602E8B6}.Release|Any CPU.ActiveCfg = Release|Any CPU
		{C3308302-E7A7-491D-8BB3-BB74F602E8B6}.Release|Any CPU.Build.0 = Release|Any CPU
	EndGlobalSection
	GlobalSection(SolutionProperties) = preSolution
		HideSolutionNode = FALSE
	EndGlobalSection
	GlobalSection(NestedProjects) = preSolution
		{C3308302-E7A7-491D-8BB3-BB74F602E8B6} = {B2130FB1-E7E2-4831-938B-FA78994AB91C}
	EndGlobalSection
	GlobalSection(ExtensibilityGlobals) = postSolution
		SolutionGuid = {DC6A7056-3121-43BF-BEF6-80649526CCBE}
	EndGlobalSection
EndGlobal
