
Microsoft Visual Studio Solution File, Format Version 12.00
# Visual Studio 15
VisualStudioVersion = 15.0.27130.2010
MinimumVisualStudioVersion = 10.0.40219.1
Project("{9A19103F-16F7-4668-BE54-9A1E7A4F7556}") = "RabbitMqExperiments.MessagingContract", "RabbitMqExperiments.MessagingContract\RabbitMqExperiments.MessagingContract.csproj", "{946E5DFF-2C05-4EDF-B8AF-7815CF87F1D4}"
EndProject
Project("{9A19103F-16F7-4668-BE54-9A1E7A4F7556}") = "RabbitMqExperiments.Common", "RabbitMqExperiments.Common\RabbitMqExperiments.Common.csproj", "{C7861DD5-38AC-44F3-B350-E3D2347FCC92}"
EndProject
Project("{9A19103F-16F7-4668-BE54-9A1E7A4F7556}") = "RabbitMqExperiments.ProviderApp", "RabbitMqExperiments.ProviderApp\RabbitMqExperiments.ProviderApp.csproj", "{66CD62E0-8535-4BC2-AB40-8C34B752CF35}"
EndProject
Project("{9A19103F-16F7-4668-BE54-9A1E7A4F7556}") = "RabbitMqExperiments.ConsumerApp", "RabbitMqExperiments.ConsumerApp\RabbitMqExperiments.ConsumerApp.csproj", "{85956C47-3C70-404C-8F48-064713AAB2D9}"
EndProject
Project("{9A19103F-16F7-4668-BE54-9A1E7A4F7556}") = "RabbitMqExperiments.LauncherApp", "RabbitMqExperiments.LauncherApp\RabbitMqExperiments.LauncherApp.csproj", "{EB638E81-45CD-4CC7-96DE-D2EAF41F66B5}"
EndProject
Project("{FAE04EC0-301F-11D3-BF4B-00C04F79EFBC}") = "RabbitMqExperiments.LoggerApp", "RabbitMqExperiments.LoggerApp\RabbitMqExperiments.LoggerApp.csproj", "{F6BD0609-0B61-41E8-988A-B2755CBA3EB8}"
EndProject
Global
	GlobalSection(SolutionConfigurationPlatforms) = preSolution
		Debug|Any CPU = Debug|Any CPU
		Release|Any CPU = Release|Any CPU
	EndGlobalSection
	GlobalSection(ProjectConfigurationPlatforms) = postSolution
		{946E5DFF-2C05-4EDF-B8AF-7815CF87F1D4}.Debug|Any CPU.ActiveCfg = Debug|Any CPU
		{946E5DFF-2C05-4EDF-B8AF-7815CF87F1D4}.Debug|Any CPU.Build.0 = Debug|Any CPU
		{946E5DFF-2C05-4EDF-B8AF-7815CF87F1D4}.Release|Any CPU.ActiveCfg = Release|Any CPU
		{946E5DFF-2C05-4EDF-B8AF-7815CF87F1D4}.Release|Any CPU.Build.0 = Release|Any CPU
		{C7861DD5-38AC-44F3-B350-E3D2347FCC92}.Debug|Any CPU.ActiveCfg = Debug|Any CPU
		{C7861DD5-38AC-44F3-B350-E3D2347FCC92}.Debug|Any CPU.Build.0 = Debug|Any CPU
		{C7861DD5-38AC-44F3-B350-E3D2347FCC92}.Release|Any CPU.ActiveCfg = Release|Any CPU
		{C7861DD5-38AC-44F3-B350-E3D2347FCC92}.Release|Any CPU.Build.0 = Release|Any CPU
		{66CD62E0-8535-4BC2-AB40-8C34B752CF35}.Debug|Any CPU.ActiveCfg = Debug|Any CPU
		{66CD62E0-8535-4BC2-AB40-8C34B752CF35}.Debug|Any CPU.Build.0 = Debug|Any CPU
		{66CD62E0-8535-4BC2-AB40-8C34B752CF35}.Release|Any CPU.ActiveCfg = Release|Any CPU
		{66CD62E0-8535-4BC2-AB40-8C34B752CF35}.Release|Any CPU.Build.0 = Release|Any CPU
		{85956C47-3C70-404C-8F48-064713AAB2D9}.Debug|Any CPU.ActiveCfg = Debug|Any CPU
		{85956C47-3C70-404C-8F48-064713AAB2D9}.Debug|Any CPU.Build.0 = Debug|Any CPU
		{85956C47-3C70-404C-8F48-064713AAB2D9}.Release|Any CPU.ActiveCfg = Release|Any CPU
		{85956C47-3C70-404C-8F48-064713AAB2D9}.Release|Any CPU.Build.0 = Release|Any CPU
		{EB638E81-45CD-4CC7-96DE-D2EAF41F66B5}.Debug|Any CPU.ActiveCfg = Debug|Any CPU
		{EB638E81-45CD-4CC7-96DE-D2EAF41F66B5}.Debug|Any CPU.Build.0 = Debug|Any CPU
		{EB638E81-45CD-4CC7-96DE-D2EAF41F66B5}.Release|Any CPU.ActiveCfg = Release|Any CPU
		{EB638E81-45CD-4CC7-96DE-D2EAF41F66B5}.Release|Any CPU.Build.0 = Release|Any CPU
		{F6BD0609-0B61-41E8-988A-B2755CBA3EB8}.Debug|Any CPU.ActiveCfg = Debug|Any CPU
		{F6BD0609-0B61-41E8-988A-B2755CBA3EB8}.Debug|Any CPU.Build.0 = Debug|Any CPU
		{F6BD0609-0B61-41E8-988A-B2755CBA3EB8}.Release|Any CPU.ActiveCfg = Release|Any CPU
		{F6BD0609-0B61-41E8-988A-B2755CBA3EB8}.Release|Any CPU.Build.0 = Release|Any CPU
	EndGlobalSection
	GlobalSection(SolutionProperties) = preSolution
		HideSolutionNode = FALSE
	EndGlobalSection
	GlobalSection(ExtensibilityGlobals) = postSolution
		SolutionGuid = {7211A3EF-7E57-4C4C-82BC-FA4DEC1E7850}
	EndGlobalSection
EndGlobal
